{
    "name": "commandkit",
    "version": "0.0.0",
    "lockfileVersion": 3,
    "requires": true,
    "packages": {
        "": {
            "name": "commandkit",
            "version": "0.0.0",
            "license": "MIT",
            "devDependencies": {
                "prettier": "^3.0.3",
                "turbo": "^1.10.13"
            }
        },
        "node_modules/prettier": {
            "version": "3.0.3",
            "resolved": "https://registry.npmjs.org/prettier/-/prettier-3.0.3.tgz",
            "integrity": "sha512-L/4pUDMxcNa8R/EthV08Zt42WBO4h1rarVtK0K+QJG0X187OLo7l699jWw0GKuwzkPQ//jMFA/8Xm6Fh3J/DAg==",
            "dev": true,
            "bin": {
                "prettier": "bin/prettier.cjs"
            },
            "engines": {
                "node": ">=14"
            },
            "funding": {
                "url": "https://github.com/prettier/prettier?sponsor=1"
            }
        },
        "node_modules/turbo": {
            "version": "1.10.15",
            "resolved": "https://registry.npmjs.org/turbo/-/turbo-1.10.15.tgz",
            "integrity": "sha512-mKKkqsuDAQy1wCCIjCdG+jOCwUflhckDMSRoeBPcIL/CnCl7c5yRDFe7SyaXloUUkt4tUR0rvNIhVCcT7YeQpg==",
            "dev": true,
            "bin": {
                "turbo": "bin/turbo"
            },
            "optionalDependencies": {
                "turbo-darwin-64": "1.10.15",
                "turbo-darwin-arm64": "1.10.15",
                "turbo-linux-64": "1.10.15",
                "turbo-linux-arm64": "1.10.15",
                "turbo-windows-64": "1.10.15",
                "turbo-windows-arm64": "1.10.15"
            }
        },
        "node_modules/turbo-darwin-64": {
            "version": "1.10.15",
            "resolved": "https://registry.npmjs.org/turbo-darwin-64/-/turbo-darwin-64-1.10.15.tgz",
            "integrity": "sha512-Sik5uogjkRTe1XVP9TC2GryEMOJCaKE2pM/O9uLn4koQDnWKGcLQv+mDU+H+9DXvKLnJnKCD18OVRkwK5tdpoA==",
            "cpu": [
                "x64"
            ],
            "dev": true,
            "optional": true,
            "os": [
                "darwin"
            ]
        },
        "node_modules/turbo-darwin-arm64": {
            "version": "1.10.15",
            "resolved": "https://registry.npmjs.org/turbo-darwin-arm64/-/turbo-darwin-arm64-1.10.15.tgz",
            "integrity": "sha512-xwqyFDYUcl2xwXyGPmHkmgnNm4Cy0oNzMpMOBGRr5x64SErS7QQLR4VHb0ubiR+VAb8M+ECPklU6vD1Gm+wekg==",
            "cpu": [
                "arm64"
            ],
            "dev": true,
            "optional": true,
            "os": [
                "darwin"
            ]
        },
        "node_modules/turbo-linux-64": {
            "version": "1.10.15",
            "resolved": "https://registry.npmjs.org/turbo-linux-64/-/turbo-linux-64-1.10.15.tgz",
            "integrity": "sha512-dM07SiO3RMAJ09Z+uB2LNUSkPp3I1IMF8goH5eLj+d8Kkwoxd/+qbUZOj9RvInyxU/IhlnO9w3PGd3Hp14m/nA==",
            "cpu": [
                "x64"
            ],
            "dev": true,
            "optional": true,
            "os": [
                "linux"
            ]
        },
        "node_modules/turbo-linux-arm64": {
            "version": "1.10.15",
            "resolved": "https://registry.npmjs.org/turbo-linux-arm64/-/turbo-linux-arm64-1.10.15.tgz",
            "integrity": "sha512-MkzKLkKYKyrz4lwfjNXH8aTny5+Hmiu4SFBZbx+5C0vOlyp6fV5jZANDBvLXWiDDL4DSEAuCEK/2cmN6FVH1ow==",
            "cpu": [
                "arm64"
            ],
            "dev": true,
            "optional": true,
            "os": [
                "linux"
            ]
        },
        "node_modules/turbo-windows-64": {
            "version": "1.10.15",
            "resolved": "https://registry.npmjs.org/turbo-windows-64/-/turbo-windows-64-1.10.15.tgz",
            "integrity": "sha512-3TdVU+WEH9ThvQGwV3ieX/XHebtYNHv9HARHauPwmVj3kakoALkpGxLclkHFBLdLKkqDvmHmXtcsfs6cXXRHJg==",
            "cpu": [
                "x64"
            ],
            "dev": true,
            "optional": true,
            "os": [
                "win32"
            ]
        },
        "node_modules/turbo-windows-arm64": {
            "version": "1.10.15",
            "resolved": "https://registry.npmjs.org/turbo-windows-arm64/-/turbo-windows-arm64-1.10.15.tgz",
            "integrity": "sha512-l+7UOBCbfadvPMYsX08hyLD+UIoAkg6ojfH+E8aud3gcA1padpjCJTh9gMpm3QdMbKwZteT5uUM+wyi6Rbbyww==",
            "cpu": [
                "arm64"
            ],
            "dev": true,
            "optional": true,
            "os": [
                "win32"
            ]
        }
    }
}
